
Microsoft Visual Studio Solution File, Format Version 12.00
# Visual Studio Version 17
VisualStudioVersion = 17.2.32616.157
MinimumVisualStudioVersion = 10.0.40219.1
Project("{FAE04EC0-301F-11D3-BF4B-00C04F79EFBC}") = "Lecture-04.3", "Lecture-04.3\Lecture-04.3.csproj", "{38AD0D72-B518-4644-AF1D-BEF6BEB9AC48}"
EndProject
Global
	GlobalSection(SolutionConfigurationPlatforms) = preSolution
		Debug|Any CPU = Debug|Any CPU
		Release|Any CPU = Release|Any CPU
	EndGlobalSection
	GlobalSection(ProjectConfigurationPlatforms) = postSolution
		{38AD0D72-B518-4644-AF1D-BEF6BEB9AC48}.Debug|Any CPU.ActiveCfg = Debug|Any CPU
		{38AD0D72-B518-4644-AF1D-BEF6BEB9AC48}.Debug|Any CPU.Build.0 = Debug|Any CPU
		{38AD0D72-B518-4644-AF1D-BEF6BEB9AC48}.Release|Any CPU.ActiveCfg = Release|Any CPU
		{38AD0D72-B518-4644-AF1D-BEF6BEB9AC48}.Release|Any CPU.Build.0 = Release|Any CPU
	EndGlobalSection
	GlobalSection(SolutionProperties) = preSolution
		HideSolutionNode = FALSE
	EndGlobalSection
	GlobalSection(ExtensibilityGlobals) = postSolution
		SolutionGuid = {2C9BE82C-846E-4532-8C74-0436547C585E}
	EndGlobalSection
EndGlobal
