
Microsoft Visual Studio Solution File, Format Version 12.00
# Visual Studio Version 17
VisualStudioVersion = 17.2.32616.157
MinimumVisualStudioVersion = 10.0.40219.1
Project("{FAE04EC0-301F-11D3-BF4B-00C04F79EFBC}") = "Lecture-06.2", "Lecture-06.2\Lecture-06.2.csproj", "{3F6EC1F8-6F5D-4B16-9DAC-C4FE7EFEC006}"
EndProject
Global
	GlobalSection(SolutionConfigurationPlatforms) = preSolution
		Debug|Any CPU = Debug|Any CPU
		Release|Any CPU = Release|Any CPU
	EndGlobalSection
	GlobalSection(ProjectConfigurationPlatforms) = postSolution
		{3F6EC1F8-6F5D-4B16-9DAC-C4FE7EFEC006}.Debug|Any CPU.ActiveCfg = Debug|Any CPU
		{3F6EC1F8-6F5D-4B16-9DAC-C4FE7EFEC006}.Debug|Any CPU.Build.0 = Debug|Any CPU
		{3F6EC1F8-6F5D-4B16-9DAC-C4FE7EFEC006}.Release|Any CPU.ActiveCfg = Release|Any CPU
		{3F6EC1F8-6F5D-4B16-9DAC-C4FE7EFEC006}.Release|Any CPU.Build.0 = Release|Any CPU
	EndGlobalSection
	GlobalSection(SolutionProperties) = preSolution
		HideSolutionNode = FALSE
	EndGlobalSection
	GlobalSection(ExtensibilityGlobals) = postSolution
		SolutionGuid = {00D24DDE-7086-45CB-92A2-931D735C6849}
	EndGlobalSection
EndGlobal
