
Microsoft Visual Studio Solution File, Format Version 12.00
# Visual Studio Version 17
VisualStudioVersion = 17.2.32616.157
MinimumVisualStudioVersion = 10.0.40219.1
Project("{FAE04EC0-301F-11D3-BF4B-00C04F79EFBC}") = "Lecture-06.1", "Lecture-06.1\Lecture-06.1.csproj", "{F5DBE488-25A2-4CB3-BBE7-FCEC7C954D3C}"
EndProject
Global
	GlobalSection(SolutionConfigurationPlatforms) = preSolution
		Debug|Any CPU = Debug|Any CPU
		Release|Any CPU = Release|Any CPU
	EndGlobalSection
	GlobalSection(ProjectConfigurationPlatforms) = postSolution
		{F5DBE488-25A2-4CB3-BBE7-FCEC7C954D3C}.Debug|Any CPU.ActiveCfg = Debug|Any CPU
		{F5DBE488-25A2-4CB3-BBE7-FCEC7C954D3C}.Debug|Any CPU.Build.0 = Debug|Any CPU
		{F5DBE488-25A2-4CB3-BBE7-FCEC7C954D3C}.Release|Any CPU.ActiveCfg = Release|Any CPU
		{F5DBE488-25A2-4CB3-BBE7-FCEC7C954D3C}.Release|Any CPU.Build.0 = Release|Any CPU
	EndGlobalSection
	GlobalSection(SolutionProperties) = preSolution
		HideSolutionNode = FALSE
	EndGlobalSection
	GlobalSection(ExtensibilityGlobals) = postSolution
		SolutionGuid = {5BADC4E6-CFBB-43C0-B63B-F1177042C781}
	EndGlobalSection
EndGlobal
