
Microsoft Visual Studio Solution File, Format Version 12.00
# Visual Studio Version 17
VisualStudioVersion = 17.2.32616.157
MinimumVisualStudioVersion = 10.0.40219.1
Project("{FAE04EC0-301F-11D3-BF4B-00C04F79EFBC}") = "Lecture-07.1", "Lecture-07.1\Lecture-07.1.csproj", "{B3BEA331-74C2-48AD-99AD-D0A93B620BEE}"
EndProject
Global
	GlobalSection(SolutionConfigurationPlatforms) = preSolution
		Debug|Any CPU = Debug|Any CPU
		Release|Any CPU = Release|Any CPU
	EndGlobalSection
	GlobalSection(ProjectConfigurationPlatforms) = postSolution
		{B3BEA331-74C2-48AD-99AD-D0A93B620BEE}.Debug|Any CPU.ActiveCfg = Debug|Any CPU
		{B3BEA331-74C2-48AD-99AD-D0A93B620BEE}.Debug|Any CPU.Build.0 = Debug|Any CPU
		{B3BEA331-74C2-48AD-99AD-D0A93B620BEE}.Release|Any CPU.ActiveCfg = Release|Any CPU
		{B3BEA331-74C2-48AD-99AD-D0A93B620BEE}.Release|Any CPU.Build.0 = Release|Any CPU
	EndGlobalSection
	GlobalSection(SolutionProperties) = preSolution
		HideSolutionNode = FALSE
	EndGlobalSection
	GlobalSection(ExtensibilityGlobals) = postSolution
		SolutionGuid = {B401E969-7A0F-4620-B7DC-58E601792369}
	EndGlobalSection
EndGlobal
