
Microsoft Visual Studio Solution File, Format Version 12.00
# Visual Studio Version 17
VisualStudioVersion = 17.2.32616.157
MinimumVisualStudioVersion = 10.0.40219.1
Project("{FAE04EC0-301F-11D3-BF4B-00C04F79EFBC}") = "Lecture-10.3", "Lecture-10.3\Lecture-10.3.csproj", "{95DDE86C-BA67-4BEE-A375-9A7A914BD1EF}"
EndProject
Global
	GlobalSection(SolutionConfigurationPlatforms) = preSolution
		Debug|Any CPU = Debug|Any CPU
		Release|Any CPU = Release|Any CPU
	EndGlobalSection
	GlobalSection(ProjectConfigurationPlatforms) = postSolution
		{95DDE86C-BA67-4BEE-A375-9A7A914BD1EF}.Debug|Any CPU.ActiveCfg = Debug|Any CPU
		{95DDE86C-BA67-4BEE-A375-9A7A914BD1EF}.Debug|Any CPU.Build.0 = Debug|Any CPU
		{95DDE86C-BA67-4BEE-A375-9A7A914BD1EF}.Release|Any CPU.ActiveCfg = Release|Any CPU
		{95DDE86C-BA67-4BEE-A375-9A7A914BD1EF}.Release|Any CPU.Build.0 = Release|Any CPU
	EndGlobalSection
	GlobalSection(SolutionProperties) = preSolution
		HideSolutionNode = FALSE
	EndGlobalSection
	GlobalSection(ExtensibilityGlobals) = postSolution
		SolutionGuid = {22E43C8A-384A-4FBB-B497-1E2236894FCA}
	EndGlobalSection
EndGlobal
